Microsoft Visual Studio Solution File, Format Version 11.00
# Visual Studio 2008

Project("{F41A8DCB-6031-B540-ED17-E4FC353B6502}") = "FRAUGv4", "Assembly-CSharp.csproj", "{815E2D65-BD1A-CDE6-CEC7-F93923B19730}"
EndProject
Project("{F41A8DCB-6031-B540-ED17-E4FC353B6502}") = "FRAUGv4", "Assembly-CSharp-Editor.csproj", "{AA18B241-1008-9FBE-7045-8516C52E56B1}"
EndProject
Global
	GlobalSection(SolutionConfigurationPlatforms) = preSolution
		Debug|Any CPU = Debug|Any CPU
		Release|Any CPU = Release|Any CPU
	EndGlobalSection
	GlobalSection(ProjectConfigurationPlatforms) = postSolution
		{815E2D65-BD1A-CDE6-CEC7-F93923B19730}.Debug|Any CPU.ActiveCfg = Debug|Any CPU
		{815E2D65-BD1A-CDE6-CEC7-F93923B19730}.Debug|Any CPU.Build.0 = Debug|Any CPU
		{815E2D65-BD1A-CDE6-CEC7-F93923B19730}.Release|Any CPU.ActiveCfg = Release|Any CPU
		{815E2D65-BD1A-CDE6-CEC7-F93923B19730}.Release|Any CPU.Build.0 = Release|Any CPU
		{AA18B241-1008-9FBE-7045-8516C52E56B1}.Debug|Any CPU.ActiveCfg = Debug|Any CPU
		{AA18B241-1008-9FBE-7045-8516C52E56B1}.Debug|Any CPU.Build.0 = Debug|Any CPU
		{AA18B241-1008-9FBE-7045-8516C52E56B1}.Release|Any CPU.ActiveCfg = Release|Any CPU
		{AA18B241-1008-9FBE-7045-8516C52E56B1}.Release|Any CPU.Build.0 = Release|Any CPU
	EndGlobalSection
	GlobalSection(SolutionProperties) = preSolution
		HideSolutionNode = FALSE
	EndGlobalSection
	GlobalSection(MonoDevelopProperties) = preSolution
		StartupItem = Assembly-CSharp.csproj
	EndGlobalSection
EndGlobal
